
Microsoft Visual Studio Solution File, Format Version 12.00
# Visual Studio Version 17
VisualStudioVersion = 17.0.31912.275
MinimumVisualStudioVersion = 10.0.40219.1
Project("{FAE04EC0-301F-11D3-BF4B-00C04F79EFBC}") = "Wb", "Wb\Wb.csproj", "{A9B32AC5-1A0A-40CC-8FBD-DB4F2483C5F2}"
EndProject
Project("{FAE04EC0-301F-11D3-BF4B-00C04F79EFBC}") = "Wb.DAL", "Wb.DAL\Wb.DAL.csproj", "{615656AF-3FBB-4440-A299-07DBA3365C81}"
EndProject
Project("{FAE04EC0-301F-11D3-BF4B-00C04F79EFBC}") = "Wb.Common", "Wb.Common\Wb.Common.csproj", "{4D0D451D-C159-4B47-9653-8B88843AB91E}"
EndProject
Project("{FAE04EC0-301F-11D3-BF4B-00C04F79EFBC}") = "Wb.BLL", "Wb.BLL\Wb.BLL.csproj", "{16A2A20D-1A7E-446E-912A-F60DA7A2C584}"
EndProject
Global
	GlobalSection(SolutionConfigurationPlatforms) = preSolution
		Debug|Any CPU = Debug|Any CPU
		Release|Any CPU = Release|Any CPU
	EndGlobalSection
	GlobalSection(ProjectConfigurationPlatforms) = postSolution
		{A9B32AC5-1A0A-40CC-8FBD-DB4F2483C5F2}.Debug|Any CPU.ActiveCfg = Debug|Any CPU
		{A9B32AC5-1A0A-40CC-8FBD-DB4F2483C5F2}.Debug|Any CPU.Build.0 = Debug|Any CPU
		{A9B32AC5-1A0A-40CC-8FBD-DB4F2483C5F2}.Release|Any CPU.ActiveCfg = Release|Any CPU
		{A9B32AC5-1A0A-40CC-8FBD-DB4F2483C5F2}.Release|Any CPU.Build.0 = Release|Any CPU
		{615656AF-3FBB-4440-A299-07DBA3365C81}.Debug|Any CPU.ActiveCfg = Debug|Any CPU
		{615656AF-3FBB-4440-A299-07DBA3365C81}.Debug|Any CPU.Build.0 = Debug|Any CPU
		{615656AF-3FBB-4440-A299-07DBA3365C81}.Release|Any CPU.ActiveCfg = Release|Any CPU
		{615656AF-3FBB-4440-A299-07DBA3365C81}.Release|Any CPU.Build.0 = Release|Any CPU
		{4D0D451D-C159-4B47-9653-8B88843AB91E}.Debug|Any CPU.ActiveCfg = Debug|Any CPU
		{4D0D451D-C159-4B47-9653-8B88843AB91E}.Debug|Any CPU.Build.0 = Debug|Any CPU
		{4D0D451D-C159-4B47-9653-8B88843AB91E}.Release|Any CPU.ActiveCfg = Release|Any CPU
		{4D0D451D-C159-4B47-9653-8B88843AB91E}.Release|Any CPU.Build.0 = Release|Any CPU
		{16A2A20D-1A7E-446E-912A-F60DA7A2C584}.Debug|Any CPU.ActiveCfg = Debug|Any CPU
		{16A2A20D-1A7E-446E-912A-F60DA7A2C584}.Debug|Any CPU.Build.0 = Debug|Any CPU
		{16A2A20D-1A7E-446E-912A-F60DA7A2C584}.Release|Any CPU.ActiveCfg = Release|Any CPU
		{16A2A20D-1A7E-446E-912A-F60DA7A2C584}.Release|Any CPU.Build.0 = Release|Any CPU
	EndGlobalSection
	GlobalSection(SolutionProperties) = preSolution
		HideSolutionNode = FALSE
	EndGlobalSection
	GlobalSection(ExtensibilityGlobals) = postSolution
		SolutionGuid = {485AA53D-2A65-4D6A-9AB2-F1D590897312}
	EndGlobalSection
EndGlobal
